// !$*UTF8*$!
{
	archiveVersion = 1;
	classes = {
	};
	objectVersion = 46;
	objects = {

/* Begin PBXBuildFile section */
		D59AD4061C48E15100743DE3 /* main.m in Sources */ = {isa = PBXBuildFile; fileRef = D59AD4051C48E15100743DE3 /* main.m */; };
		D59AD4091C48E15100743DE3 /* AppDelegate.m in Sources */ = {isa = PBXBuildFile; fileRef = D59AD4081C48E15100743DE3 /* AppDelegate.m */; };
		D59AD40C1C48E15100743DE3 /* ViewController.m in Sources */ = {isa = PBXBuildFile; fileRef = D59AD40B1C48E15100743DE3 /* ViewController.m */; };
		D59AD40F1C48E15100743DE3 /* Main.storyboard in Resources */ = {isa = PBXBuildFile; fileRef = D59AD40D1C48E15100743DE3 /* Main.storyboard */; };
		D59AD4111C48E15100743DE3 /* Assets.xcassets in Resources */ = {isa = PBXBuildFile; fileRef = D59AD4101C48E15100743DE3 /* Assets.xcassets */; };
		D59AD4141C48E15100743DE3 /* LaunchScreen.storyboard in Resources */ = {isa = PBXBuildFile; fileRef = D59AD4121C48E15100743DE3 /* LaunchScreen.storyboard */; };
		D59AD41D1C48E1DE00743DE3 /* WeakTimer.m in Sources */ = {isa = PBXBuildFile; fileRef = D59AD41C1C48E1DE00743DE3 /* WeakTimer.m */; };
		D59AD4201C49247B00743DE3 /* TimerViewController.m in Sources */ = {isa = PBXBuildFile; fileRef = D59AD41F1C49247B00743DE3 /* TimerViewController.m */; };
/* End PBXBuildFile section */

/* Begin PBXFileReference section */
		D59AD4011C48E15100743DE3 /* WeakTimerExample.app */ = {isa = PBXFileReference; explicitFileType = wrapper.application; includeInIndex = 0; path = WeakTimerExample.app; sourceTree = BUILT_PRODUCTS_DIR; };
		D59AD4051C48E15100743DE3 /* main.m */ = {isa = PBXFileReference; lastKnownFileType = sourcecode.c.objc; path = main.m; sourceTree = "<group>"; };
		D59AD4071C48E15100743DE3 /* AppDelegate.h */ = {isa = PBXFileReference; lastKnownFileType = sourcecode.c.h; path = AppDelegate.h; sourceTree = "<group>"; };
		D59AD4081C48E15100743DE3 /* AppDelegate.m */ = {isa = PBXFileReference; lastKnownFileType = sourcecode.c.objc; path = AppDelegate.m; sourceTree = "<group>"; };
		D59AD40A1C48E15100743DE3 /* ViewController.h */ = {isa = PBXFileReference; lastKnownFileType = sourcecode.c.h; path = ViewController.h; sourceTree = "<group>"; };
		D59AD40B1C48E15100743DE3 /* ViewController.m */ = {isa = PBXFileReference; lastKnownFileType = sourcecode.c.objc; path = ViewController.m; sourceTree = "<group>"; };
		D59AD40E1C48E15100743DE3 /* Base */ = {isa = PBXFileReference; lastKnownFileType = file.storyboard; name = Base; path = Base.lproj/Main.storyboard; sourceTree = "<group>"; };
		D59AD4101C48E15100743DE3 /* Assets.xcassets */ = {isa = PBXFileReference; lastKnownFileType = folder.assetcatalog; path = Assets.xcassets; sourceTree = "<group>"; };
		D59AD4131C48E15100743DE3 /* Base */ = {isa = PBXFileReference; lastKnownFileType = file.storyboard; name = Base; path = Base.lproj/LaunchScreen.storyboard; sourceTree = "<group>"; };
		D59AD4151C48E15100743DE3 /* Info.plist */ = {isa = PBXFileReference; lastKnownFileType = text.plist.xml; path = Info.plist; sourceTree = "<group>"; };
		D59AD41B1C48E1DE00743DE3 /* WeakTimer.h */ = {isa = PBXFileReference; fileEncoding = 4; lastKnownFileType = sourcecode.c.h; name = WeakTimer.h; path = ../../WeakTimer/WeakTimer.h; sourceTree = "<group>"; };
		D59AD41C1C48E1DE00743DE3 /* WeakTimer.m */ = {isa = PBXFileReference; fileEncoding = 4; lastKnownFileType = sourcecode.c.objc; name = WeakTimer.m; path = ../../WeakTimer/WeakTimer.m; sourceTree = "<group>"; };
		D59AD41E1C49247A00743DE3 /* TimerViewController.h */ = {isa = PBXFileReference; fileEncoding = 4; lastKnownFileType = sourcecode.c.h; path = TimerViewController.h; sourceTree = "<group>"; };
		D59AD41F1C49247B00743DE3 /* TimerViewController.m */ = {isa = PBXFileReference; fileEncoding = 4; lastKnownFileType = sourcecode.c.objc; path = TimerViewController.m; sourceTree = "<group>"; };
/* End PBXFileReference section */

/* Begin PBXFrameworksBuildPhase section */
		D59AD3FE1C48E15100743DE3 /* Frameworks */ = {
			isa = PBXFrameworksBuildPhase;
			buildActionMask = 2147483647;
			files = (
			);
			runOnlyForDeploymentPostprocessing = 0;
		};
/* End PBXFrameworksBuildPhase section */

/* Begin PBXGroup section */
		D59AD3F81C48E15100743DE3 = {
			isa = PBXGroup;
			children = (
				D59AD4031C48E15100743DE3 /* WeakTimerExample */,
				D59AD4021C48E15100743DE3 /* Products */,
			);
			sourceTree = "<group>";
		};
		D59AD4021C48E15100743DE3 /* Products */ = {
			isa = PBXGroup;
			children = (
				D59AD4011C48E15100743DE3 /* WeakTimerExample.app */,
			);
			name = Products;
			sourceTree = "<group>";
		};
		D59AD4031C48E15100743DE3 /* WeakTimerExample */ = {
			isa = PBXGroup;
			children = (
				D59AD41B1C48E1DE00743DE3 /* WeakTimer.h */,
				D59AD41C1C48E1DE00743DE3 /* WeakTimer.m */,
				D59AD4071C48E15100743DE3 /* AppDelegate.h */,
				D59AD4081C48E15100743DE3 /* AppDelegate.m */,
				D59AD40A1C48E15100743DE3 /* ViewController.h */,
				D59AD40B1C48E15100743DE3 /* ViewController.m */,
				D59AD41E1C49247A00743DE3 /* TimerViewController.h */,
				D59AD41F1C49247B00743DE3 /* TimerViewController.m */,
				D59AD40D1C48E15100743DE3 /* Main.storyboard */,
				D59AD4101C48E15100743DE3 /* Assets.xcassets */,
				D59AD4121C48E15100743DE3 /* LaunchScreen.storyboard */,
				D59AD4151C48E15100743DE3 /* Info.plist */,
				D59AD4041C48E15100743DE3 /* Supporting Files */,
			);
			path = WeakTimerExample;
			sourceTree = "<group>";
		};
		D59AD4041C48E15100743DE3 /* Supporting Files */ = {
			isa = PBXGroup;
			children = (
				D59AD4051C48E15100743DE3 /* main.m */,
			);
			name = "Supporting Files";
			sourceTree = "<group>";
		};
/* End PBXGroup section */

/* Begin PBXNativeTarget section */
		D59AD4001C48E15100743DE3 /* WeakTimerExample */ = {
			isa = PBXNativeTarget;
			buildConfigurationList = D59AD4181C48E15100743DE3 /* Build configuration list for PBXNativeTarget "WeakTimerExample" */;
			buildPhases = (
				D59AD3FD1C48E15100743DE3 /* Sources */,
				D59AD3FE1C48E15100743DE3 /* Frameworks */,
				D59AD3FF1C48E15100743DE3 /* Resources */,
			);
			buildRules = (
			);
			dependencies = (
			);
			name = WeakTimerExample;
			productName = WeakTimerExample;
			productReference = D59AD4011C48E15100743DE3 /* WeakTimerExample.app */;
			productType = "com.apple.product-type.application";
		};
/* End PBXNativeTarget section */

/* Begin PBXProject section */
		D59AD3F91C48E15100743DE3 /* Project object */ = {
			isa = PBXProject;
			attributes = {
				LastUpgradeCheck = 0720;
				ORGANIZATIONNAME = "Alexander Stepanov";
				TargetAttributes = {
					D59AD4001C48E15100743DE3 = {
						CreatedOnToolsVersion = 7.2;
					};
				};
			};
			buildConfigurationList = D59AD3FC1C48E15100743DE3 /* Build configuration list for PBXProject "WeakTimerExample" */;
			compatibilityVersion = "Xcode 3.2";
			developmentRegion = English;
			hasScannedForEncodings = 0;
			knownRegions = (
				en,
				Base,
			);
			mainGroup = D59AD3F81C48E15100743DE3;
			productRefGroup = D59AD4021C48E15100743DE3 /* Products */;
			projectDirPath = "";
			projectRoot = "";
			targets = (
				D59AD4001C48E15100743DE3 /* WeakTimerExample */,
			);
		};
/* End PBXProject section */

/* Begin PBXResourcesBuildPhase section */
		D59AD3FF1C48E15100743DE3 /* Resources */ = {
			isa = PBXResourcesBuildPhase;
			buildActionMask = 2147483647;
			files = (
				D59AD4141C48E15100743DE3 /* LaunchScreen.storyboard in Resources */,
				D59AD4111C48E15100743DE3 /* Assets.xcassets in Resources */,
				D59AD40F1C48E15100743DE3 /* Main.storyboard in Resources */,
			);
			runOnlyForDeploymentPostprocessing = 0;
		};
/* End PBXResourcesBuildPhase section */

/* Begin PBXSourcesBuildPhase section */
		D59AD3FD1C48E15100743DE3 /* Sources */ = {
			isa = PBXSourcesBuildPhase;
			buildActionMask = 2147483647;
			files = (
				D59AD40C1C48E15100743DE3 /* ViewController.m in Sources */,
				D59AD4091C48E15100743DE3 /* AppDelegate.m in Sources */,
				D59AD4201C49247B00743DE3 /* TimerViewController.m in Sources */,
				D59AD4061C48E15100743DE3 /* main.m in Sources */,
				D59AD41D1C48E1DE00743DE3 /* WeakTimer.m in Sources */,
			);
			runOnlyForDeploymentPostprocessing = 0;
		};
/* End PBXSourcesBuildPhase section */

/* Begin PBXVariantGroup section */
		D59AD40D1C48E15100743DE3 /* Main.storyboard */ = {
			isa = PBXVariantGroup;
			children = (
				D59AD40E1C48E15100743DE3 /* Base */,
			);
			name = Main.storyboard;
			sourceTree = "<group>";
		};
		D59AD4121C48E15100743DE3 /* LaunchScreen.storyboard */ = {
			isa = PBXVariantGroup;
			children = (
				D59AD4131C48E15100743DE3 /* Base */,
			);
			name = LaunchScreen.storyboard;
			sourceTree = "<group>";
		};
/* End PBXVariantGroup section */

/* Begin XCBuildConfiguration section */
		D59AD4161C48E15100743DE3 /* Debug */ = {
			isa = XCBuildConfiguration;
			buildSettings = {
				ALWAYS_SEARCH_USER_PATHS = NO;
				CLANG_CXX_LANGUAGE_STANDARD = "gnu++0x";
				CLANG_CXX_LIBRARY = "libc++";
				CLANG_ENABLE_MODULES = YES;
				CLANG_ENABLE_OBJC_ARC = YES;
				CLANG_WARN_BOOL_CONVERSION = YES;
				CLANG_WARN_CONSTANT_CONVERSION = YES;
				CLANG_WARN_DIRECT_OBJC_ISA_USAGE = YES_ERROR;
				CLANG_WARN_EMPTY_BODY = YES;
				CLANG_WARN_ENUM_CONVERSION = YES;
				CLANG_WARN_INT_CONVERSION = YES;
				CLANG_WARN_OBJC_ROOT_CLASS = YES_ERROR;
				CLANG_WARN_UNREACHABLE_CODE = YES;
				CLANG_WARN__DUPLICATE_METHOD_MATCH = YES;
				"CODE_SIGN_IDENTITY[sdk=iphoneos*]" = "iPhone Developer";
				COPY_PHASE_STRIP = NO;
				DEBUG_INFORMATION_FORMAT = dwarf;
				ENABLE_STRICT_OBJC_MSGSEND = YES;
				ENABLE_TESTABILITY = YES;
				GCC_C_LANGUAGE_STANDARD = gnu99;
				GCC_DYNAMIC_NO_PIC = NO;
				GCC_NO_COMMON_BLOCKS = YES;
				GCC_OPTIMIZATION_LEVEL = 0;
				GCC_PREPROCESSOR_DEFINITIONS = (
					"DEBUG=1",
					"$(inherited)",
				);
				GCC_WARN_64_TO_32_BIT_CONVERSION = YES;
				GCC_WARN_ABOUT_RETURN_TYPE = YES_ERROR;
				GCC_WARN_UNDECLARED_SELECTOR = YES;
				GCC_WARN_UNINITIALIZED_AUTOS = YES_AGGRESSIVE;
				GCC_WARN_UNUSED_FUNCTION = YES;
				GCC_WARN_UNUSED_VARIABLE = YES;
				IPHONEOS_DEPLOYMENT_TARGET = 9.2;
				MTL_ENABLE_DEBUG_INFO = YES;
				ONLY_ACTIVE_ARCH = YES;
				SDKROOT = iphoneos;
			};
			name = Debug;
		};
		D59AD4171C48E15100743DE3 /* Release */ = {
			isa = XCBuildConfiguration;
			buildSettings = {
				ALWAYS_SEARCH_USER_PATHS = NO;
				CLANG_CXX_LANGUAGE_STANDARD = "gnu++0x";
				CLANG_CXX_LIBRARY = "libc++";
				CLANG_ENABLE_MODULES = YES;
				CLANG_ENABLE_OBJC_ARC = YES;
				CLANG_WARN_BOOL_CONVERSION = YES;
				CLANG_WARN_CONSTANT_CONVERSION = YES;
				CLANG_WARN_DIRECT_OBJC_ISA_USAGE = YES_ERROR;
				CLANG_WARN_EMPTY_BODY = YES;
				CLANG_WARN_ENUM_CONVERSION = YES;
				CLANG_WARN_INT_CONVERSION = YES;
				CLANG_WARN_OBJC_ROOT_CLASS = YES_ERROR;
				CLANG_WARN_UNREACHABLE_CODE = YES;
				CLANG_WARN__DUPLICATE_METHOD_MATCH = YES;
				"CODE_SIGN_IDENTITY[sdk=iphoneos*]" = "iPhone Developer";
				COPY_PHASE_STRIP = NO;
				DEBUG_INFORMATION_FORMAT = "dwarf-with-dsym";
				ENABLE_NS_ASSERTIONS = NO;
				ENABLE_STRICT_OBJC_MSGSEND = YES;
				GCC_C_LANGUAGE_STANDARD = gnu99;
				GCC_NO_COMMON_BLOCKS = YES;
				GCC_WARN_64_TO_32_BIT_CONVERSION = YES;
				GCC_WARN_ABOUT_RETURN_TYPE = YES_ERROR;
				GCC_WARN_UNDECLARED_SELECTOR = YES;
				GCC_WARN_UNINITIALIZED_AUTOS = YES_AGGRESSIVE;
				GCC_WARN_UNUSED_FUNCTION = YES;
				GCC_WARN_UNUSED_VARIABLE = YES;
				IPHONEOS_DEPLOYMENT_TARGET = 9.2;
				MTL_ENABLE_DEBUG_INFO = NO;
				SDKROOT = iphoneos;
				VALIDATE_PRODUCT = YES;
			};
			name = Release;
		};
		D59AD4191C48E15100743DE3 /* Debug */ = {
			isa = XCBuildConfiguration;
			buildSettings = {
				ASSETCATALOG_COMPILER_APPICON_NAME = AppIcon;
				INFOPLIST_FILE = WeakTimerExample/Info.plist;
				IPHONEOS_DEPLOYMENT_TARGET = 7.1;
				LD_RUNPATH_SEARCH_PATHS = "$(inherited) @executable_path/Frameworks";
				PRODUCT_BUNDLE_IDENTIFIER = com.example.WeakTimerExample;
				PRODUCT_NAME = "$(TARGET_NAME)";
			};
			name = Debug;
		};
		D59AD41A1C48E15100743DE3 /* Release */ = {
			isa = XCBuildConfiguration;
			buildSettings = {
				ASSETCATALOG_COMPILER_APPICON_NAME = AppIcon;
				INFOPLIST_FILE = WeakTimerExample/Info.plist;
				IPHONEOS_DEPLOYMENT_TARGET = 7.1;
				LD_RUNPATH_SEARCH_PATHS = "$(inherited) @executable_path/Frameworks";
				PRODUCT_BUNDLE_IDENTIFIER = com.example.WeakTimerExample;
				PRODUCT_NAME = "$(TARGET_NAME)";
			};
			name = Release;
		};
/* End XCBuildConfiguration section */

/* Begin XCConfigurationList section */
		D59AD3FC1C48E15100743DE3 /* Build configuration list for PBXProject "WeakTimerExample" */ = {
			isa = XCConfigurationList;
			buildConfigurations = (
				D59AD4161C48E15100743DE3 /* Debug */,
				D59AD4171C48E15100743DE3 /* Release */,
			);
			defaultConfigurationIsVisible = 0;
			defaultConfigurationName = Release;
		};
		D59AD4181C48E15100743DE3 /* Build configuration list for PBXNativeTarget "WeakTimerExample" */ = {
			isa = XCConfigurationList;
			buildConfigurations = (
				D59AD4191C48E15100743DE3 /* Debug */,
				D59AD41A1C48E15100743DE3 /* Release */,
			);
			defaultConfigurationIsVisible = 0;
		};
/* End XCConfigurationList section */
	};
	rootObject = D59AD3F91C48E15100743DE3 /* Project object */;
}
